// !$*UTF8*$!
{
	archiveVersion = 1;
	classes = {
	};
	objectVersion = 46;
	objects = {

/* Begin PBXBuildFile section */
		CE03B78F1D93EAB300CC06E0 /* From_Cartoon_Blocks.ttf in Resources */ = {isa = PBXBuildFile; fileRef = CE03B78D1D93EAB300CC06E0 /* From_Cartoon_Blocks.ttf */; };
		CE16DFC11D915A1600AB1465 /* FireRing.m in Sources */ = {isa = PBXBuildFile; fileRef = CE16DFC01D915A1600AB1465 /* FireRing.m */; };
		CE1864241D5E7F7100027836 /* GameSceneViewModel.m in Sources */ = {isa = PBXBuildFile; fileRef = CE1864231D5E7F7100027836 /* GameSceneViewModel.m */; };
		CE310DAD1D5F2B690084E18A /* StageOne.sks in Resources */ = {isa = PBXBuildFile; fileRef = CE310DAC1D5F2B690084E18A /* StageOne.sks */; };
		CE441DFE1D62226400AAFF64 /* Actions.m in Sources */ = {isa = PBXBuildFile; fileRef = CE441DFD1D62226400AAFF64 /* Actions.m */; };
		CE98E5491D5E59CA001E00B1 /* GameViewController.m in Sources */ = {isa = PBXBuildFile; fileRef = CE98E5411D5E59CA001E00B1 /* GameViewController.m */; };
		CE98E54F1D5E5A11001E00B1 /* AchievementsViewController.m in Sources */ = {isa = PBXBuildFile; fileRef = CE98E54E1D5E5A11001E00B1 /* AchievementsViewController.m */; };
		CE98E5521D5E5A23001E00B1 /* AchievementsViewModel.m in Sources */ = {isa = PBXBuildFile; fileRef = CE98E5511D5E5A23001E00B1 /* AchievementsViewModel.m */; };
		CE98E5551D5E5A37001E00B1 /* MainMenuViewController.m in Sources */ = {isa = PBXBuildFile; fileRef = CE98E5541D5E5A37001E00B1 /* MainMenuViewController.m */; };
		CE98E5581D5E5A42001E00B1 /* MainMenuViewModel.m in Sources */ = {isa = PBXBuildFile; fileRef = CE98E5571D5E5A42001E00B1 /* MainMenuViewModel.m */; };
		CE98E55B1D5E5A4B001E00B1 /* ShopViewController.m in Sources */ = {isa = PBXBuildFile; fileRef = CE98E55A1D5E5A4B001E00B1 /* ShopViewController.m */; };
		CE98E55E1D5E5A53001E00B1 /* ShopViewModel.m in Sources */ = {isa = PBXBuildFile; fileRef = CE98E55D1D5E5A53001E00B1 /* ShopViewModel.m */; };
		CE98E56B1D5E5CA1001E00B1 /* Localizable.strings in Resources */ = {isa = PBXBuildFile; fileRef = CE98E56A1D5E5CA1001E00B1 /* Localizable.strings */; };
		CEB16A221D60E0A900376A99 /* ShootingBall.m in Sources */ = {isa = PBXBuildFile; fileRef = CEB16A211D60E0A900376A99 /* ShootingBall.m */; };
		CEB6DD5E1D5E464300FD0016 /* main.m in Sources */ = {isa = PBXBuildFile; fileRef = CEB6DD5D1D5E464300FD0016 /* main.m */; };
		CEB6DD611D5E464300FD0016 /* AppDelegate.m in Sources */ = {isa = PBXBuildFile; fileRef = CEB6DD601D5E464300FD0016 /* AppDelegate.m */; };
		CEB6DD6C1D5E464300FD0016 /* Main.storyboard in Resources */ = {isa = PBXBuildFile; fileRef = CEB6DD6A1D5E464300FD0016 /* Main.storyboard */; };
		CEB6DD6E1D5E464300FD0016 /* Assets.xcassets in Resources */ = {isa = PBXBuildFile; fileRef = CEB6DD6D1D5E464300FD0016 /* Assets.xcassets */; };
		CEB6DD711D5E464300FD0016 /* LaunchScreen.storyboard in Resources */ = {isa = PBXBuildFile; fileRef = CEB6DD6F1D5E464300FD0016 /* LaunchScreen.storyboard */; };
		CEB6DD7C1D5E485600FD0016 /* GameScene.m in Sources */ = {isa = PBXBuildFile; fileRef = CEB6DD7A1D5E485600FD0016 /* GameScene.m */; };
		CEB6DD7D1D5E485600FD0016 /* GameScene.sks in Resources */ = {isa = PBXBuildFile; fileRef = CEB6DD7B1D5E485600FD0016 /* GameScene.sks */; };
		CEC3A8EB1D5EF708002E845E /* Zombie.m in Sources */ = {isa = PBXBuildFile; fileRef = CEC3A8EA1D5EF708002E845E /* Zombie.m */; };
		CECAE37B1D5F3B1700008176 /* StageOne.m in Sources */ = {isa = PBXBuildFile; fileRef = CECAE37A1D5F3B1700008176 /* StageOne.m */; };
		CECAE37E1D5F47E300008176 /* Utilities.m in Sources */ = {isa = PBXBuildFile; fileRef = CECAE37D1D5F47E300008176 /* Utilities.m */; };
		CEF187091D61D38100979544 /* StageTwo.sks in Resources */ = {isa = PBXBuildFile; fileRef = CEF187081D61D38100979544 /* StageTwo.sks */; };
		CEF1870C1D61D39300979544 /* StageTwo.m in Sources */ = {isa = PBXBuildFile; fileRef = CEF1870B1D61D39300979544 /* StageTwo.m */; };
		CEFD97D61D91B4F6004EB5A0 /* StagesParent.m in Sources */ = {isa = PBXBuildFile; fileRef = CEFD97D51D91B4F6004EB5A0 /* StagesParent.m */; };
		CEFD97DA1D91D310004EB5A0 /* Dragon.m in Sources */ = {isa = PBXBuildFile; fileRef = CEFD97D91D91D310004EB5A0 /* Dragon.m */; };
		F6E373541D62EDB80045EAA9 /* AppEngine.m in Sources */ = {isa = PBXBuildFile; fileRef = F6E373531D62EDB80045EAA9 /* AppEngine.m */; };
		F6E3735B1D6300400045EAA9 /* StageThree.sks in Resources */ = {isa = PBXBuildFile; fileRef = F6E3735A1D6300400045EAA9 /* StageThree.sks */; };
		F6E3735E1D6300610045EAA9 /* StageThree.m in Sources */ = {isa = PBXBuildFile; fileRef = F6E3735D1D6300610045EAA9 /* StageThree.m */; };
		F6E373621D6306DE0045EAA9 /* Ghost.m in Sources */ = {isa = PBXBuildFile; fileRef = F6E373611D6306DE0045EAA9 /* Ghost.m */; };
		F6E373661D6312350045EAA9 /* GameOver.m in Sources */ = {isa = PBXBuildFile; fileRef = F6E373651D6312350045EAA9 /* GameOver.m */; };
		F6E3736A1D631ADB0045EAA9 /* StageFour.sks in Resources */ = {isa = PBXBuildFile; fileRef = F6E373691D631ADB0045EAA9 /* StageFour.sks */; };
		F6E3736C1D631AE40045EAA9 /* StageFive.sks in Resources */ = {isa = PBXBuildFile; fileRef = F6E3736B1D631AE40045EAA9 /* StageFive.sks */; };
		F6E3736F1D631AF90045EAA9 /* StageFour.m in Sources */ = {isa = PBXBuildFile; fileRef = F6E3736E1D631AF90045EAA9 /* StageFour.m */; };
		F6E373721D631B010045EAA9 /* StageFive.m in Sources */ = {isa = PBXBuildFile; fileRef = F6E373711D631B010045EAA9 /* StageFive.m */; };
/* End PBXBuildFile section */

/* Begin PBXFileReference section */
		CE03B78D1D93EAB300CC06E0 /* From_Cartoon_Blocks.ttf */ = {isa = PBXFileReference; lastKnownFileType = file; path = From_Cartoon_Blocks.ttf; sourceTree = "<group>"; };
		CE16DFBF1D915A1600AB1465 /* FireRing.h */ = {isa = PBXFileReference; fileEncoding = 4; lastKnownFileType = sourcecode.c.h; path = FireRing.h; sourceTree = "<group>"; };
		CE16DFC01D915A1600AB1465 /* FireRing.m */ = {isa = PBXFileReference; fileEncoding = 4; lastKnownFileType = sourcecode.c.objc; path = FireRing.m; sourceTree = "<group>"; };
		CE1864221D5E7F7100027836 /* GameSceneViewModel.h */ = {isa = PBXFileReference; fileEncoding = 4; lastKnownFileType = sourcecode.c.h; path = GameSceneViewModel.h; sourceTree = "<group>"; };
		CE1864231D5E7F7100027836 /* GameSceneViewModel.m */ = {isa = PBXFileReference; fileEncoding = 4; lastKnownFileType = sourcecode.c.objc; path = GameSceneViewModel.m; sourceTree = "<group>"; };
		CE310DAC1D5F2B690084E18A /* StageOne.sks */ = {isa = PBXFileReference; lastKnownFileType = file.sks; path = StageOne.sks; sourceTree = "<group>"; };
		CE441DFC1D62226400AAFF64 /* Actions.h */ = {isa = PBXFileReference; fileEncoding = 4; lastKnownFileType = sourcecode.c.h; path = Actions.h; sourceTree = "<group>"; };
		CE441DFD1D62226400AAFF64 /* Actions.m */ = {isa = PBXFileReference; fileEncoding = 4; lastKnownFileType = sourcecode.c.objc; path = Actions.m; sourceTree = "<group>"; };
		CE98E5401D5E59CA001E00B1 /* GameViewController.h */ = {isa = PBXFileReference; fileEncoding = 4; lastKnownFileType = sourcecode.c.h; path = GameViewController.h; sourceTree = "<group>"; };
		CE98E5411D5E59CA001E00B1 /* GameViewController.m */ = {isa = PBXFileReference; fileEncoding = 4; lastKnownFileType = sourcecode.c.objc; path = GameViewController.m; sourceTree = "<group>"; };
		CE98E54D1D5E5A11001E00B1 /* AchievementsViewController.h */ = {isa = PBXFileReference; fileEncoding = 4; lastKnownFileType = sourcecode.c.h; path = AchievementsViewController.h; sourceTree = "<group>"; };
		CE98E54E1D5E5A11001E00B1 /* AchievementsViewController.m */ = {isa = PBXFileReference; fileEncoding = 4; lastKnownFileType = sourcecode.c.objc; path = AchievementsViewController.m; sourceTree = "<group>"; };
		CE98E5501D5E5A23001E00B1 /* AchievementsViewModel.h */ = {isa = PBXFileReference; fileEncoding = 4; lastKnownFileType = sourcecode.c.h; path = AchievementsViewModel.h; sourceTree = "<group>"; };
		CE98E5511D5E5A23001E00B1 /* AchievementsViewModel.m */ = {isa = PBXFileReference; fileEncoding = 4; lastKnownFileType = sourcecode.c.objc; path = AchievementsViewModel.m; sourceTree = "<group>"; };
		CE98E5531D5E5A37001E00B1 /* MainMenuViewController.h */ = {isa = PBXFileReference; fileEncoding = 4; lastKnownFileType = sourcecode.c.h; path = MainMenuViewController.h; sourceTree = "<group>"; };
		CE98E5541D5E5A37001E00B1 /* MainMenuViewController.m */ = {isa = PBXFileReference; fileEncoding = 4; lastKnownFileType = sourcecode.c.objc; path = MainMenuViewController.m; sourceTree = "<group>"; };
		CE98E5561D5E5A42001E00B1 /* MainMenuViewModel.h */ = {isa = PBXFileReference; fileEncoding = 4; lastKnownFileType = sourcecode.c.h; path = MainMenuViewModel.h; sourceTree = "<group>"; };
		CE98E5571D5E5A42001E00B1 /* MainMenuViewModel.m */ = {isa = PBXFileReference; fileEncoding = 4; lastKnownFileType = sourcecode.c.objc; path = MainMenuViewModel.m; sourceTree = "<group>"; };
		CE98E5591D5E5A4B001E00B1 /* ShopViewController.h */ = {isa = PBXFileReference; fileEncoding = 4; lastKnownFileType = sourcecode.c.h; path = ShopViewController.h; sourceTree = "<group>"; };
		CE98E55A1D5E5A4B001E00B1 /* ShopViewController.m */ = {isa = PBXFileReference; fileEncoding = 4; lastKnownFileType = sourcecode.c.objc; path = ShopViewController.m; sourceTree = "<group>"; };
		CE98E55C1D5E5A53001E00B1 /* ShopViewModel.h */ = {isa = PBXFileReference; fileEncoding = 4; lastKnownFileType = sourcecode.c.h; path = ShopViewModel.h; sourceTree = "<group>"; };
		CE98E55D1D5E5A53001E00B1 /* ShopViewModel.m */ = {isa = PBXFileReference; fileEncoding = 4; lastKnownFileType = sourcecode.c.objc; path = ShopViewModel.m; sourceTree = "<group>"; };
		CE98E56A1D5E5CA1001E00B1 /* Localizable.strings */ = {isa = PBXFileReference; fileEncoding = 4; lastKnownFileType = text.plist.strings; path = Localizable.strings; sourceTree = "<group>"; };
		CE98E56C1D5E64F6001E00B1 /* Defines.h */ = {isa = PBXFileReference; lastKnownFileType = sourcecode.c.h; path = Defines.h; sourceTree = "<group>"; };
		CEB16A201D60E0A900376A99 /* ShootingBall.h */ = {isa = PBXFileReference; fileEncoding = 4; lastKnownFileType = sourcecode.c.h; path = ShootingBall.h; sourceTree = "<group>"; };
		CEB16A211D60E0A900376A99 /* ShootingBall.m */ = {isa = PBXFileReference; fileEncoding = 4; lastKnownFileType = sourcecode.c.objc; path = ShootingBall.m; sourceTree = "<group>"; };
		CEB6DD591D5E464200FD0016 /* ZombieTank.app */ = {isa = PBXFileReference; explicitFileType = wrapper.application; includeInIndex = 0; path = ZombieTank.app; sourceTree = BUILT_PRODUCTS_DIR; };
		CEB6DD5D1D5E464300FD0016 /* main.m */ = {isa = PBXFileReference; lastKnownFileType = sourcecode.c.objc; path = main.m; sourceTree = "<group>"; };
		CEB6DD5F1D5E464300FD0016 /* AppDelegate.h */ = {isa = PBXFileReference; lastKnownFileType = sourcecode.c.h; path = AppDelegate.h; sourceTree = "<group>"; };
		CEB6DD601D5E464300FD0016 /* AppDelegate.m */ = {isa = PBXFileReference; lastKnownFileType = sourcecode.c.objc; path = AppDelegate.m; sourceTree = "<group>"; };
		CEB6DD6B1D5E464300FD0016 /* Base */ = {isa = PBXFileReference; lastKnownFileType = file.storyboard; name = Base; path = Base.lproj/Main.storyboard; sourceTree = "<group>"; };
		CEB6DD6D1D5E464300FD0016 /* Assets.xcassets */ = {isa = PBXFileReference; lastKnownFileType = folder.assetcatalog; path = Assets.xcassets; sourceTree = "<group>"; };
		CEB6DD701D5E464300FD0016 /* Base */ = {isa = PBXFileReference; lastKnownFileType = file.storyboard; name = Base; path = Base.lproj/LaunchScreen.storyboard; sourceTree = "<group>"; };
		CEB6DD721D5E464300FD0016 /* Info.plist */ = {isa = PBXFileReference; lastKnownFileType = text.plist.xml; path = Info.plist; sourceTree = "<group>"; };
		CEB6DD791D5E485600FD0016 /* GameScene.h */ = {isa = PBXFileReference; fileEncoding = 4; lastKnownFileType = sourcecode.c.h; path = GameScene.h; sourceTree = "<group>"; };
		CEB6DD7A1D5E485600FD0016 /* GameScene.m */ = {isa = PBXFileReference; fileEncoding = 4; lastKnownFileType = sourcecode.c.objc; path = GameScene.m; sourceTree = "<group>"; };
		CEB6DD7B1D5E485600FD0016 /* GameScene.sks */ = {isa = PBXFileReference; lastKnownFileType = file.sks; path = GameScene.sks; sourceTree = "<group>"; };
		CEC3A8E91D5EF708002E845E /* Zombie.h */ = {isa = PBXFileReference; fileEncoding = 4; lastKnownFileType = sourcecode.c.h; path = Zombie.h; sourceTree = "<group>"; };
		CEC3A8EA1D5EF708002E845E /* Zombie.m */ = {isa = PBXFileReference; fileEncoding = 4; lastKnownFileType = sourcecode.c.objc; path = Zombie.m; sourceTree = "<group>"; };
		CECAE3791D5F3B1700008176 /* StageOne.h */ = {isa = PBXFileReference; fileEncoding = 4; lastKnownFileType = sourcecode.c.h; path = StageOne.h; sourceTree = "<group>"; };
		CECAE37A1D5F3B1700008176 /* StageOne.m */ = {isa = PBXFileReference; fileEncoding = 4; lastKnownFileType = sourcecode.c.objc; path = StageOne.m; sourceTree = "<group>"; };
		CECAE37C1D5F47E300008176 /* Utilities.h */ = {isa = PBXFileReference; fileEncoding = 4; lastKnownFileType = sourcecode.c.h; path = Utilities.h; sourceTree = "<group>"; };
		CECAE37D1D5F47E300008176 /* Utilities.m */ = {isa = PBXFileReference; fileEncoding = 4; lastKnownFileType = sourcecode.c.objc; path = Utilities.m; sourceTree = "<group>"; };
		CEF187081D61D38100979544 /* StageTwo.sks */ = {isa = PBXFileReference; lastKnownFileType = file.sks; path = StageTwo.sks; sourceTree = "<group>"; };
		CEF1870A1D61D39300979544 /* StageTwo.h */ = {isa = PBXFileReference; fileEncoding = 4; lastKnownFileType = sourcecode.c.h; path = StageTwo.h; sourceTree = "<group>"; };
		CEF1870B1D61D39300979544 /* StageTwo.m */ = {isa = PBXFileReference; fileEncoding = 4; lastKnownFileType = sourcecode.c.objc; path = StageTwo.m; sourceTree = "<group>"; };
		CEFD97D41D91B4F6004EB5A0 /* StagesParent.h */ = {isa = PBXFileReference; fileEncoding = 4; lastKnownFileType = sourcecode.c.h; path = StagesParent.h; sourceTree = "<group>"; };
		CEFD97D51D91B4F6004EB5A0 /* StagesParent.m */ = {isa = PBXFileReference; fileEncoding = 4; lastKnownFileType = sourcecode.c.objc; path = StagesParent.m; sourceTree = "<group>"; };
		CEFD97D81D91D310004EB5A0 /* Dragon.h */ = {isa = PBXFileReference; fileEncoding = 4; lastKnownFileType = sourcecode.c.h; path = Dragon.h; sourceTree = "<group>"; };
		CEFD97D91D91D310004EB5A0 /* Dragon.m */ = {isa = PBXFileReference; fileEncoding = 4; lastKnownFileType = sourcecode.c.objc; path = Dragon.m; sourceTree = "<group>"; };
		F6E373521D62EDB80045EAA9 /* AppEngine.h */ = {isa = PBXFileReference; fileEncoding = 4; lastKnownFileType = sourcecode.c.h; path = AppEngine.h; sourceTree = "<group>"; };
		F6E373531D62EDB80045EAA9 /* AppEngine.m */ = {isa = PBXFileReference; fileEncoding = 4; lastKnownFileType = sourcecode.c.objc; path = AppEngine.m; sourceTree = "<group>"; };
		F6E3735A1D6300400045EAA9 /* StageThree.sks */ = {isa = PBXFileReference; lastKnownFileType = file.sks; path = StageThree.sks; sourceTree = "<group>"; };
		F6E3735C1D6300610045EAA9 /* StageThree.h */ = {isa = PBXFileReference; fileEncoding = 4; lastKnownFileType = sourcecode.c.h; path = StageThree.h; sourceTree = "<group>"; };
		F6E3735D1D6300610045EAA9 /* StageThree.m */ = {isa = PBXFileReference; fileEncoding = 4; lastKnownFileType = sourcecode.c.objc; path = StageThree.m; sourceTree = "<group>"; };
		F6E373601D6306DE0045EAA9 /* Ghost.h */ = {isa = PBXFileReference; fileEncoding = 4; lastKnownFileType = sourcecode.c.h; path = Ghost.h; sourceTree = "<group>"; };
		F6E373611D6306DE0045EAA9 /* Ghost.m */ = {isa = PBXFileReference; fileEncoding = 4; lastKnownFileType = sourcecode.c.objc; path = Ghost.m; sourceTree = "<group>"; };
		F6E373641D6312350045EAA9 /* GameOver.h */ = {isa = PBXFileReference; fileEncoding = 4; lastKnownFileType = sourcecode.c.h; path = GameOver.h; sourceTree = "<group>"; };
		F6E373651D6312350045EAA9 /* GameOver.m */ = {isa = PBXFileReference; fileEncoding = 4; lastKnownFileType = sourcecode.c.objc; path = GameOver.m; sourceTree = "<group>"; };
		F6E373691D631ADB0045EAA9 /* StageFour.sks */ = {isa = PBXFileReference; lastKnownFileType = file.sks; path = StageFour.sks; sourceTree = "<group>"; };
		F6E3736B1D631AE40045EAA9 /* StageFive.sks */ = {isa = PBXFileReference; lastKnownFileType = file.sks; path = StageFive.sks; sourceTree = "<group>"; };
		F6E3736D1D631AF90045EAA9 /* StageFour.h */ = {isa = PBXFileReference; fileEncoding = 4; lastKnownFileType = sourcecode.c.h; path = StageFour.h; sourceTree = "<group>"; };
		F6E3736E1D631AF90045EAA9 /* StageFour.m */ = {isa = PBXFileReference; fileEncoding = 4; lastKnownFileType = sourcecode.c.objc; path = StageFour.m; sourceTree = "<group>"; };
		F6E373701D631B010045EAA9 /* StageFive.h */ = {isa = PBXFileReference; fileEncoding = 4; lastKnownFileType = sourcecode.c.h; path = StageFive.h; sourceTree = "<group>"; };
		F6E373711D631B010045EAA9 /* StageFive.m */ = {isa = PBXFileReference; fileEncoding = 4; lastKnownFileType = sourcecode.c.objc; path = StageFive.m; sourceTree = "<group>"; };
/* End PBXFileReference section */

/* Begin PBXFrameworksBuildPhase section */
		CEB6DD561D5E464200FD0016 /* Frameworks */ = {
			isa = PBXFrameworksBuildPhase;
			buildActionMask = 2147483647;
			files = (
			);
			runOnlyForDeploymentPostprocessing = 0;
		};
/* End PBXFrameworksBuildPhase section */

/* Begin PBXGroup section */
		CE03B78B1D93EAA000CC06E0 /* Fonts */ = {
			isa = PBXGroup;
			children = (
				CE03B78D1D93EAB300CC06E0 /* From_Cartoon_Blocks.ttf */,
			);
			path = Fonts;
			sourceTree = "<group>";
		};
		CE16DFBE1D915A0C00AB1465 /* FireRing */ = {
			isa = PBXGroup;
			children = (
				CE16DFBF1D915A1600AB1465 /* FireRing.h */,
				CE16DFC01D915A1600AB1465 /* FireRing.m */,
			);
			path = FireRing;
			sourceTree = "<group>";
		};
		CE1864211D5E7F7100027836 /* ViewModel */ = {
			isa = PBXGroup;
			children = (
				CE1864221D5E7F7100027836 /* GameSceneViewModel.h */,
				CE1864231D5E7F7100027836 /* GameSceneViewModel.m */,
			);
			path = ViewModel;
			sourceTree = "<group>";
		};
		CE310DAB1D5F2AFB0084E18A /* StageOne */ = {
			isa = PBXGroup;
			children = (
				CE310DAC1D5F2B690084E18A /* StageOne.sks */,
				CECAE3791D5F3B1700008176 /* StageOne.h */,
				CECAE37A1D5F3B1700008176 /* StageOne.m */,
			);
			path = StageOne;
			sourceTree = "<group>";
		};
		CE441DFB1D62224F00AAFF64 /* Actions */ = {
			isa = PBXGroup;
			children = (
				CE441DFC1D62226400AAFF64 /* Actions.h */,
				CE441DFD1D62226400AAFF64 /* Actions.m */,
			);
			path = Actions;
			sourceTree = "<group>";
		};
		CE98E53E1D5E59CA001E00B1 /* GameScene */ = {
			isa = PBXGroup;
			children = (
				CE98E53F1D5E59CA001E00B1 /* ViewController */,
				CE98E5421D5E59CA001E00B1 /* ViewModel */,
			);
			path = GameScene;
			sourceTree = "<group>";
		};
		CE98E53F1D5E59CA001E00B1 /* ViewController */ = {
			isa = PBXGroup;
			children = (
				CE98E5401D5E59CA001E00B1 /* GameViewController.h */,
				CE98E5411D5E59CA001E00B1 /* GameViewController.m */,
			);
			path = ViewController;
			sourceTree = "<group>";
		};
		CE98E5421D5E59CA001E00B1 /* ViewModel */ = {
			isa = PBXGroup;
			children = (
			);
			path = ViewModel;
			sourceTree = "<group>";
		};
		CE98E5431D5E59CA001E00B1 /* MainMenu */ = {
			isa = PBXGroup;
			children = (
				CE98E5441D5E59CA001E00B1 /* ViewController */,
				CE98E5451D5E59CA001E00B1 /* ViewModel */,
			);
			path = MainMenu;
			sourceTree = "<group>";
		};
		CE98E5441D5E59CA001E00B1 /* ViewController */ = {
			isa = PBXGroup;
			children = (
				CE98E5531D5E5A37001E00B1 /* MainMenuViewController.h */,
				CE98E5541D5E5A37001E00B1 /* MainMenuViewController.m */,
			);
			path = ViewController;
			sourceTree = "<group>";
		};
		CE98E5451D5E59CA001E00B1 /* ViewModel */ = {
			isa = PBXGroup;
			children = (
				CE98E5561D5E5A42001E00B1 /* MainMenuViewModel.h */,
				CE98E5571D5E5A42001E00B1 /* MainMenuViewModel.m */,
			);
			path = ViewModel;
			sourceTree = "<group>";
		};
		CE98E5461D5E59CA001E00B1 /* Shop */ = {
			isa = PBXGroup;
			children = (
				CE98E5471D5E59CA001E00B1 /* ViewController */,
				CE98E5481D5E59CA001E00B1 /* ViewModel */,
			);
			path = Shop;
			sourceTree = "<group>";
		};
		CE98E5471D5E59CA001E00B1 /* ViewController */ = {
			isa = PBXGroup;
			children = (
				CE98E5591D5E5A4B001E00B1 /* ShopViewController.h */,
				CE98E55A1D5E5A4B001E00B1 /* ShopViewController.m */,
			);
			path = ViewController;
			sourceTree = "<group>";
		};
		CE98E5481D5E59CA001E00B1 /* ViewModel */ = {
			isa = PBXGroup;
			children = (
				CE98E55C1D5E5A53001E00B1 /* ShopViewModel.h */,
				CE98E55D1D5E5A53001E00B1 /* ShopViewModel.m */,
			);
			path = ViewModel;
			sourceTree = "<group>";
		};
		CE98E54A1D5E59F8001E00B1 /* Achievement */ = {
			isa = PBXGroup;
			children = (
				CE98E54B1D5E59F8001E00B1 /* ViewController */,
				CE98E54C1D5E59F8001E00B1 /* ViewModel */,
			);
			path = Achievement;
			sourceTree = "<group>";
		};
		CE98E54B1D5E59F8001E00B1 /* ViewController */ = {
			isa = PBXGroup;
			children = (
				CE98E54D1D5E5A11001E00B1 /* AchievementsViewController.h */,
				CE98E54E1D5E5A11001E00B1 /* AchievementsViewController.m */,
			);
			path = ViewController;
			sourceTree = "<group>";
		};
		CE98E54C1D5E59F8001E00B1 /* ViewModel */ = {
			isa = PBXGroup;
			children = (
				CE98E5501D5E5A23001E00B1 /* AchievementsViewModel.h */,
				CE98E5511D5E5A23001E00B1 /* AchievementsViewModel.m */,
			);
			path = ViewModel;
			sourceTree = "<group>";
		};
		CE98E55F1D5E5B79001E00B1 /* Resources */ = {
			isa = PBXGroup;
			children = (
				CE03B78B1D93EAA000CC06E0 /* Fonts */,
				CE441DFB1D62224F00AAFF64 /* Actions */,
				CE98E5601D5E5B79001E00B1 /* Categories */,
				CE98E5611D5E5B79001E00B1 /* Utilities */,
			);
			path = Resources;
			sourceTree = "<group>";
		};
		CE98E5601D5E5B79001E00B1 /* Categories */ = {
			isa = PBXGroup;
			children = (
			);
			path = Categories;
			sourceTree = "<group>";
		};
		CE98E5611D5E5B79001E00B1 /* Utilities */ = {
			isa = PBXGroup;
			children = (
				CE98E56C1D5E64F6001E00B1 /* Defines.h */,
				CECAE37C1D5F47E300008176 /* Utilities.h */,
				CECAE37D1D5F47E300008176 /* Utilities.m */,
			);
			path = Utilities;
			sourceTree = "<group>";
		};
		CE98E5621D5E5BB3001E00B1 /* SpriteNodes */ = {
			isa = PBXGroup;
			children = (
				CE98E5631D5E5BB3001E00B1 /* Objects */,
				CE98E5641D5E5BB3001E00B1 /* SpriteAnimations */,
			);
			path = SpriteNodes;
			sourceTree = "<group>";
		};
		CE98E5631D5E5BB3001E00B1 /* Objects */ = {
			isa = PBXGroup;
			children = (
				CEFD97D71D91D2F9004EB5A0 /* Dragon */,
				CE16DFBE1D915A0C00AB1465 /* FireRing */,
				F6E3735F1D6306CA0045EAA9 /* Ghosts */,
				CEB16A1F1D60E09700376A99 /* ShootingBall */,
				CEC3A8E81D5EF6F9002E845E /* Zombies */,
			);
			path = Objects;
			sourceTree = "<group>";
		};
		CE98E5641D5E5BB3001E00B1 /* SpriteAnimations */ = {
			isa = PBXGroup;
			children = (
			);
			path = SpriteAnimations;
			sourceTree = "<group>";
		};
		CEB16A1F1D60E09700376A99 /* ShootingBall */ = {
			isa = PBXGroup;
			children = (
				CEB16A201D60E0A900376A99 /* ShootingBall.h */,
				CEB16A211D60E0A900376A99 /* ShootingBall.m */,
			);
			path = ShootingBall;
			sourceTree = "<group>";
		};
		CEB6DD501D5E464200FD0016 = {
			isa = PBXGroup;
			children = (
				CEB6DD5B1D5E464200FD0016 /* ZombieTank */,
				CEB6DD5A1D5E464200FD0016 /* Products */,
			);
			sourceTree = "<group>";
		};
		CEB6DD5A1D5E464200FD0016 /* Products */ = {
			isa = PBXGroup;
			children = (
				CEB6DD591D5E464200FD0016 /* ZombieTank.app */,
			);
			name = Products;
			sourceTree = "<group>";
		};
		CEB6DD5B1D5E464200FD0016 /* ZombieTank */ = {
			isa = PBXGroup;
			children = (
				CE98E5621D5E5BB3001E00B1 /* SpriteNodes */,
				CE98E55F1D5E5B79001E00B1 /* Resources */,
				CEB6DD7E1D5E485C00FD0016 /* Controllers */,
				CEB6DD781D5E485600FD0016 /* Scene */,
				CEB6DD6F1D5E464300FD0016 /* LaunchScreen.storyboard */,
				CEB6DD721D5E464300FD0016 /* Info.plist */,
				CEB6DD6D1D5E464300FD0016 /* Assets.xcassets */,
				CE98E56A1D5E5CA1001E00B1 /* Localizable.strings */,
				CEB6DD5C1D5E464200FD0016 /* Supporting Files */,
			);
			path = ZombieTank;
			sourceTree = "<group>";
		};
		CEB6DD5C1D5E464200FD0016 /* Supporting Files */ = {
			isa = PBXGroup;
			children = (
				CEB6DD5F1D5E464300FD0016 /* AppDelegate.h */,
				CEB6DD601D5E464300FD0016 /* AppDelegate.m */,
				CEB6DD5D1D5E464300FD0016 /* main.m */,
			);
			name = "Supporting Files";
			sourceTree = "<group>";
		};
		CEB6DD781D5E485600FD0016 /* Scene */ = {
			isa = PBXGroup;
			children = (
				CEFD97D41D91B4F6004EB5A0 /* StagesParent.h */,
				CEFD97D51D91B4F6004EB5A0 /* StagesParent.m */,
				F6E373631D6312230045EAA9 /* GameOver */,
				F6E373681D631AC00045EAA9 /* StageFive */,
				F6E373671D631AB60045EAA9 /* StageFour */,
				F6E373571D6300060045EAA9 /* StageThree */,
				CEF187071D61D36000979544 /* StageTwo */,
				CE310DAB1D5F2AFB0084E18A /* StageOne */,
				CE1864211D5E7F7100027836 /* ViewModel */,
				CEB6DD791D5E485600FD0016 /* GameScene.h */,
				CEB6DD7A1D5E485600FD0016 /* GameScene.m */,
				CEB6DD7B1D5E485600FD0016 /* GameScene.sks */,
			);
			path = Scene;
			sourceTree = "<group>";
		};
		CEB6DD7E1D5E485C00FD0016 /* Controllers */ = {
			isa = PBXGroup;
			children = (
				F6E373521D62EDB80045EAA9 /* AppEngine.h */,
				F6E373531D62EDB80045EAA9 /* AppEngine.m */,
				CE98E54A1D5E59F8001E00B1 /* Achievement */,
				CE98E53E1D5E59CA001E00B1 /* GameScene */,
				CE98E5431D5E59CA001E00B1 /* MainMenu */,
				CE98E5461D5E59CA001E00B1 /* Shop */,
				CEB6DD6A1D5E464300FD0016 /* Main.storyboard */,
			);
			path = Controllers;
			sourceTree = "<group>";
		};
		CEC3A8E81D5EF6F9002E845E /* Zombies */ = {
			isa = PBXGroup;
			children = (
				CEC3A8E91D5EF708002E845E /* Zombie.h */,
				CEC3A8EA1D5EF708002E845E /* Zombie.m */,
			);
			path = Zombies;
			sourceTree = "<group>";
		};
		CEF187071D61D36000979544 /* StageTwo */ = {
			isa = PBXGroup;
			children = (
				CEF187081D61D38100979544 /* StageTwo.sks */,
				CEF1870A1D61D39300979544 /* StageTwo.h */,
				CEF1870B1D61D39300979544 /* StageTwo.m */,
			);
			path = StageTwo;
			sourceTree = "<group>";
		};
		CEFD97D71D91D2F9004EB5A0 /* Dragon */ = {
			isa = PBXGroup;
			children = (
				CEFD97D81D91D310004EB5A0 /* Dragon.h */,
				CEFD97D91D91D310004EB5A0 /* Dragon.m */,
			);
			path = Dragon;
			sourceTree = "<group>";
		};
		F6E373571D6300060045EAA9 /* StageThree */ = {
			isa = PBXGroup;
			children = (
				F6E3735A1D6300400045EAA9 /* StageThree.sks */,
				F6E3735C1D6300610045EAA9 /* StageThree.h */,
				F6E3735D1D6300610045EAA9 /* StageThree.m */,
			);
			path = StageThree;
			sourceTree = "<group>";
		};
		F6E3735F1D6306CA0045EAA9 /* Ghosts */ = {
			isa = PBXGroup;
			children = (
				F6E373601D6306DE0045EAA9 /* Ghost.h */,
				F6E373611D6306DE0045EAA9 /* Ghost.m */,
			);
			path = Ghosts;
			sourceTree = "<group>";
		};
		F6E373631D6312230045EAA9 /* GameOver */ = {
			isa = PBXGroup;
			children = (
				F6E373641D6312350045EAA9 /* GameOver.h */,
				F6E373651D6312350045EAA9 /* GameOver.m */,
			);
			path = GameOver;
			sourceTree = "<group>";
		};
		F6E373671D631AB60045EAA9 /* StageFour */ = {
			isa = PBXGroup;
			children = (
				F6E373691D631ADB0045EAA9 /* StageFour.sks */,
				F6E3736D1D631AF90045EAA9 /* StageFour.h */,
				F6E3736E1D631AF90045EAA9 /* StageFour.m */,
			);
			path = StageFour;
			sourceTree = "<group>";
		};
		F6E373681D631AC00045EAA9 /* StageFive */ = {
			isa = PBXGroup;
			children = (
				F6E3736B1D631AE40045EAA9 /* StageFive.sks */,
				F6E373701D631B010045EAA9 /* StageFive.h */,
				F6E373711D631B010045EAA9 /* StageFive.m */,
			);
			path = StageFive;
			sourceTree = "<group>";
		};
/* End PBXGroup section */

/* Begin PBXNativeTarget section */
		CEB6DD581D5E464200FD0016 /* ZombieTank */ = {
			isa = PBXNativeTarget;
			buildConfigurationList = CEB6DD751D5E464300FD0016 /* Build configuration list for PBXNativeTarget "ZombieTank" */;
			buildPhases = (
				CEB6DD551D5E464200FD0016 /* Sources */,
				CEB6DD561D5E464200FD0016 /* Frameworks */,
				CEB6DD571D5E464200FD0016 /* Resources */,
			);
			buildRules = (
			);
			dependencies = (
			);
			name = ZombieTank;
			productName = ZombieTank;
			productReference = CEB6DD591D5E464200FD0016 /* ZombieTank.app */;
			productType = "com.apple.product-type.application";
		};
/* End PBXNativeTarget section */

/* Begin PBXProject section */
		CEB6DD511D5E464200FD0016 /* Project object */ = {
			isa = PBXProject;
			attributes = {
				LastUpgradeCheck = 0800;
				ORGANIZATIONNAME = "Rafal Kampa";
				TargetAttributes = {
					CEB6DD581D5E464200FD0016 = {
						CreatedOnToolsVersion = 7.3.1;
						DevelopmentTeam = YP5PB2LQ27;
					};
				};
			};
			buildConfigurationList = CEB6DD541D5E464200FD0016 /* Build configuration list for PBXProject "ZombieTank" */;
			compatibilityVersion = "Xcode 3.2";
			developmentRegion = English;
			hasScannedForEncodings = 0;
			knownRegions = (
				en,
				Base,
			);
			mainGroup = CEB6DD501D5E464200FD0016;
			productRefGroup = CEB6DD5A1D5E464200FD0016 /* Products */;
			projectDirPath = "";
			projectRoot = "";
			targets = (
				CEB6DD581D5E464200FD0016 /* ZombieTank */,
			);
		};
/* End PBXProject section */

/* Begin PBXResourcesBuildPhase section */
		CEB6DD571D5E464200FD0016 /* Resources */ = {
			isa = PBXResourcesBuildPhase;
			buildActionMask = 2147483647;
			files = (
				F6E3736C1D631AE40045EAA9 /* StageFive.sks in Resources */,
				CE98E56B1D5E5CA1001E00B1 /* Localizable.strings in Resources */,
				F6E3735B1D6300400045EAA9 /* StageThree.sks in Resources */,
				CEB6DD7D1D5E485600FD0016 /* GameScene.sks in Resources */,
				CEB6DD711D5E464300FD0016 /* LaunchScreen.storyboard in Resources */,
				CEB6DD6E1D5E464300FD0016 /* Assets.xcassets in Resources */,
				CEB6DD6C1D5E464300FD0016 /* Main.storyboard in Resources */,
				CE310DAD1D5F2B690084E18A /* StageOne.sks in Resources */,
				CEF187091D61D38100979544 /* StageTwo.sks in Resources */,
				F6E3736A1D631ADB0045EAA9 /* StageFour.sks in Resources */,
				CE03B78F1D93EAB300CC06E0 /* From_Cartoon_Blocks.ttf in Resources */,
			);
			runOnlyForDeploymentPostprocessing = 0;
		};
/* End PBXResourcesBuildPhase section */

/* Begin PBXSourcesBuildPhase section */
		CEB6DD551D5E464200FD0016 /* Sources */ = {
			isa = PBXSourcesBuildPhase;
			buildActionMask = 2147483647;
			files = (
				CEFD97D61D91B4F6004EB5A0 /* StagesParent.m in Sources */,
				CE16DFC11D915A1600AB1465 /* FireRing.m in Sources */,
				F6E373721D631B010045EAA9 /* StageFive.m in Sources */,
				CE98E5491D5E59CA001E00B1 /* GameViewController.m in Sources */,
				CEFD97DA1D91D310004EB5A0 /* Dragon.m in Sources */,
				CEB6DD611D5E464300FD0016 /* AppDelegate.m in Sources */,
				CECAE37B1D5F3B1700008176 /* StageOne.m in Sources */,
				F6E373661D6312350045EAA9 /* GameOver.m in Sources */,
				CEF1870C1D61D39300979544 /* StageTwo.m in Sources */,
				CEB16A221D60E0A900376A99 /* ShootingBall.m in Sources */,
				CE98E5521D5E5A23001E00B1 /* AchievementsViewModel.m in Sources */,
				CE98E54F1D5E5A11001E00B1 /* AchievementsViewController.m in Sources */,
				F6E373621D6306DE0045EAA9 /* Ghost.m in Sources */,
				CE98E5581D5E5A42001E00B1 /* MainMenuViewModel.m in Sources */,
				CEB6DD7C1D5E485600FD0016 /* GameScene.m in Sources */,
				CE441DFE1D62226400AAFF64 /* Actions.m in Sources */,
				CEB6DD5E1D5E464300FD0016 /* main.m in Sources */,
				F6E373541D62EDB80045EAA9 /* AppEngine.m in Sources */,
				F6E3736F1D631AF90045EAA9 /* StageFour.m in Sources */,
				CE98E55B1D5E5A4B001E00B1 /* ShopViewController.m in Sources */,
				CE98E55E1D5E5A53001E00B1 /* ShopViewModel.m in Sources */,
				CEC3A8EB1D5EF708002E845E /* Zombie.m in Sources */,
				CE98E5551D5E5A37001E00B1 /* MainMenuViewController.m in Sources */,
				CECAE37E1D5F47E300008176 /* Utilities.m in Sources */,
				CE1864241D5E7F7100027836 /* GameSceneViewModel.m in Sources */,
				F6E3735E1D6300610045EAA9 /* StageThree.m in Sources */,
			);
			runOnlyForDeploymentPostprocessing = 0;
		};
/* End PBXSourcesBuildPhase section */

/* Begin PBXVariantGroup section */
		CEB6DD6A1D5E464300FD0016 /* Main.storyboard */ = {
			isa = PBXVariantGroup;
			children = (
				CEB6DD6B1D5E464300FD0016 /* Base */,
			);
			name = Main.storyboard;
			path = ..;
			sourceTree = "<group>";
		};
		CEB6DD6F1D5E464300FD0016 /* LaunchScreen.storyboard */ = {
			isa = PBXVariantGroup;
			children = (
				CEB6DD701D5E464300FD0016 /* Base */,
			);
			name = LaunchScreen.storyboard;
			sourceTree = "<group>";
		};
/* End PBXVariantGroup section */

/* Begin XCBuildConfiguration section */
		CEB6DD731D5E464300FD0016 /* Debug */ = {
			isa = XCBuildConfiguration;
			buildSettings = {
				ALWAYS_SEARCH_USER_PATHS = NO;
				CLANG_ANALYZER_NONNULL = YES;
				CLANG_CXX_LANGUAGE_STANDARD = "gnu++0x";
				CLANG_CXX_LIBRARY = "libc++";
				CLANG_ENABLE_MODULES = YES;
				CLANG_ENABLE_OBJC_ARC = YES;
				CLANG_WARN_BOOL_CONVERSION = YES;
				CLANG_WARN_CONSTANT_CONVERSION = YES;
				CLANG_WARN_DIRECT_OBJC_ISA_USAGE = YES_ERROR;
				CLANG_WARN_EMPTY_BODY = YES;
				CLANG_WARN_ENUM_CONVERSION = YES;
				CLANG_WARN_INFINITE_RECURSION = YES;
				CLANG_WARN_INT_CONVERSION = YES;
				CLANG_WARN_OBJC_ROOT_CLASS = YES_ERROR;
				CLANG_WARN_SUSPICIOUS_MOVE = YES;
				CLANG_WARN_UNREACHABLE_CODE = YES;
				CLANG_WARN__DUPLICATE_METHOD_MATCH = YES;
				"CODE_SIGN_IDENTITY[sdk=iphoneos*]" = "iPhone Developer";
				COPY_PHASE_STRIP = NO;
				DEBUG_INFORMATION_FORMAT = "dwarf-with-dsym";
				ENABLE_STRICT_OBJC_MSGSEND = YES;
				ENABLE_TESTABILITY = YES;
				GCC_C_LANGUAGE_STANDARD = gnu99;
				GCC_DYNAMIC_NO_PIC = NO;
				GCC_NO_COMMON_BLOCKS = YES;
				GCC_OPTIMIZATION_LEVEL = 0;
				GCC_PREPROCESSOR_DEFINITIONS = (
					"DEBUG=1",
					"$(inherited)",
				);
				GCC_WARN_64_TO_32_BIT_CONVERSION = YES;
				GCC_WARN_ABOUT_RETURN_TYPE = YES_ERROR;
				GCC_WARN_UNDECLARED_SELECTOR = YES;
				GCC_WARN_UNINITIALIZED_AUTOS = YES_AGGRESSIVE;
				GCC_WARN_UNUSED_FUNCTION = YES;
				GCC_WARN_UNUSED_VARIABLE = YES;
				IPHONEOS_DEPLOYMENT_TARGET = 9.3;
				MTL_ENABLE_DEBUG_INFO = YES;
				ONLY_ACTIVE_ARCH = YES;
				SDKROOT = iphoneos;
				TARGETED_DEVICE_FAMILY = "1,2";
			};
			name = Debug;
		};
		CEB6DD741D5E464300FD0016 /* Release */ = {
			isa = XCBuildConfiguration;
			buildSettings = {
				ALWAYS_SEARCH_USER_PATHS = NO;
				CLANG_ANALYZER_NONNULL = YES;
				CLANG_CXX_LANGUAGE_STANDARD = "gnu++0x";
				CLANG_CXX_LIBRARY = "libc++";
				CLANG_ENABLE_MODULES = YES;
				CLANG_ENABLE_OBJC_ARC = YES;
				CLANG_WARN_BOOL_CONVERSION = YES;
				CLANG_WARN_CONSTANT_CONVERSION = YES;
				CLANG_WARN_DIRECT_OBJC_ISA_USAGE = YES_ERROR;
				CLANG_WARN_EMPTY_BODY = YES;
				CLANG_WARN_ENUM_CONVERSION = YES;
				CLANG_WARN_INFINITE_RECURSION = YES;
				CLANG_WARN_INT_CONVERSION = YES;
				CLANG_WARN_OBJC_ROOT_CLASS = YES_ERROR;
				CLANG_WARN_SUSPICIOUS_MOVE = YES;
				CLANG_WARN_UNREACHABLE_CODE = YES;
				CLANG_WARN__DUPLICATE_METHOD_MATCH = YES;
				"CODE_SIGN_IDENTITY[sdk=iphoneos*]" = "iPhone Developer";
				COPY_PHASE_STRIP = NO;
				DEBUG_INFORMATION_FORMAT = "dwarf-with-dsym";
				ENABLE_NS_ASSERTIONS = NO;
				ENABLE_STRICT_OBJC_MSGSEND = YES;
				GCC_C_LANGUAGE_STANDARD = gnu99;
				GCC_NO_COMMON_BLOCKS = YES;
				GCC_WARN_64_TO_32_BIT_CONVERSION = YES;
				GCC_WARN_ABOUT_RETURN_TYPE = YES_ERROR;
				GCC_WARN_UNDECLARED_SELECTOR = YES;
				GCC_WARN_UNINITIALIZED_AUTOS = YES_AGGRESSIVE;
				GCC_WARN_UNUSED_FUNCTION = YES;
				GCC_WARN_UNUSED_VARIABLE = YES;
				IPHONEOS_DEPLOYMENT_TARGET = 9.3;
				MTL_ENABLE_DEBUG_INFO = NO;
				SDKROOT = iphoneos;
				TARGETED_DEVICE_FAMILY = "1,2";
				VALIDATE_PRODUCT = YES;
			};
			name = Release;
		};
		CEB6DD761D5E464300FD0016 /* Debug */ = {
			isa = XCBuildConfiguration;
			buildSettings = {
				ASSETCATALOG_COMPILER_APPICON_NAME = AppIcon;
				CODE_SIGN_IDENTITY = "iPhone Developer";
				"CODE_SIGN_IDENTITY[sdk=iphoneos*]" = "iPhone Developer";
				INFOPLIST_FILE = ZombieTank/Info.plist;
				LD_RUNPATH_SEARCH_PATHS = "$(inherited) @executable_path/Frameworks";
				PRODUCT_BUNDLE_IDENTIFIER = mk.ZombieTank;
				PRODUCT_NAME = "$(TARGET_NAME)";
				PROVISIONING_PROFILE = "";
			};
			name = Debug;
		};
		CEB6DD771D5E464300FD0016 /* Release */ = {
			isa = XCBuildConfiguration;
			buildSettings = {
				ASSETCATALOG_COMPILER_APPICON_NAME = AppIcon;
				CODE_SIGN_IDENTITY = "iPhone Developer";
				"CODE_SIGN_IDENTITY[sdk=iphoneos*]" = "iPhone Developer";
				INFOPLIST_FILE = ZombieTank/Info.plist;
				LD_RUNPATH_SEARCH_PATHS = "$(inherited) @executable_path/Frameworks";
				PRODUCT_BUNDLE_IDENTIFIER = mk.ZombieTank;
				PRODUCT_NAME = "$(TARGET_NAME)";
				PROVISIONING_PROFILE = "";
			};
			name = Release;
		};
/* End XCBuildConfiguration section */

/* Begin XCConfigurationList section */
		CEB6DD541D5E464200FD0016 /* Build configuration list for PBXProject "ZombieTank" */ = {
			isa = XCConfigurationList;
			buildConfigurations = (
				CEB6DD731D5E464300FD0016 /* Debug */,
				CEB6DD741D5E464300FD0016 /* Release */,
			);
			defaultConfigurationIsVisible = 0;
			defaultConfigurationName = Release;
		};
		CEB6DD751D5E464300FD0016 /* Build configuration list for PBXNativeTarget "ZombieTank" */ = {
			isa = XCConfigurationList;
			buildConfigurations = (
				CEB6DD761D5E464300FD0016 /* Debug */,
				CEB6DD771D5E464300FD0016 /* Release */,
			);
			defaultConfigurationIsVisible = 0;
			defaultConfigurationName = Release;
		};
/* End XCConfigurationList section */
	};
	rootObject = CEB6DD511D5E464200FD0016 /* Project object */;
}
